
Microsoft Visual Studio Solution File, Format Version 12.00
# Visual Studio 15
VisualStudioVersion = 15.0.28307.168
MinimumVisualStudioVersion = 10.0.40219.1
Project("{FAE04EC0-301F-11D3-BF4B-00C04F79EFBC}") = "SubnauticaArmourStand", "SubnauticaArmourStand\SubnauticaArmourStand.csproj", "{7100DCF0-55B8-423F-BB2E-3D6A7FD94557}"
EndProject
Project("{2150E333-8FDC-42A3-9474-1A3956D46DE8}") = "Solution Items", "Solution Items", "{CE0C2FA4-3D71-4F81-99E0-CD356D5771AF}"
	ProjectSection(SolutionItems) = preProject
		LICENSE = LICENSE
		README.md = README.md
	EndProjectSection
EndProject
Global
	GlobalSection(SolutionConfigurationPlatforms) = preSolution
		Debug|Any CPU = Debug|Any CPU
		Release|Any CPU = Release|Any CPU
	EndGlobalSection
	GlobalSection(ProjectConfigurationPlatforms) = postSolution
		{7100DCF0-55B8-423F-BB2E-3D6A7FD94557}.Debug|Any CPU.ActiveCfg = Debug|Any CPU
		{7100DCF0-55B8-423F-BB2E-3D6A7FD94557}.Debug|Any CPU.Build.0 = Debug|Any CPU
		{7100DCF0-55B8-423F-BB2E-3D6A7FD94557}.Release|Any CPU.ActiveCfg = Release|Any CPU
		{7100DCF0-55B8-423F-BB2E-3D6A7FD94557}.Release|Any CPU.Build.0 = Release|Any CPU
	EndGlobalSection
	GlobalSection(SolutionProperties) = preSolution
		HideSolutionNode = FALSE
	EndGlobalSection
	GlobalSection(ExtensibilityGlobals) = postSolution
		SolutionGuid = {7385E255-90FD-4657-B0F0-DCF2DBFA129D}
	EndGlobalSection
EndGlobal
